
Microsoft Visual Studio Solution File, Format Version 12.00
# Visual Studio Version 16
VisualStudioVersion = 16.0.30503.244
MinimumVisualStudioVersion = 10.0.40219.1
Project("{FAE04EC0-301F-11D3-BF4B-00C04F79EFBC}") = "StringKata", "StringKata\StringKata.csproj", "{00508604-01F5-4713-9C66-ADB5F3BF38C4}"
EndProject
Project("{FAE04EC0-301F-11D3-BF4B-00C04F79EFBC}") = "StringKata.Tests", "StringKata.Tests\StringKata.Tests.csproj", "{0F3857FB-F571-4ADB-83DE-44E9291010DB}"
EndProject
Global
	GlobalSection(SolutionConfigurationPlatforms) = preSolution
		Debug|Any CPU = Debug|Any CPU
		Release|Any CPU = Release|Any CPU
	EndGlobalSection
	GlobalSection(ProjectConfigurationPlatforms) = postSolution
		{00508604-01F5-4713-9C66-ADB5F3BF38C4}.Debug|Any CPU.ActiveCfg = Debug|Any CPU
		{00508604-01F5-4713-9C66-ADB5F3BF38C4}.Debug|Any CPU.Build.0 = Debug|Any CPU
		{00508604-01F5-4713-9C66-ADB5F3BF38C4}.Release|Any CPU.ActiveCfg = Release|Any CPU
		{00508604-01F5-4713-9C66-ADB5F3BF38C4}.Release|Any CPU.Build.0 = Release|Any CPU
		{0F3857FB-F571-4ADB-83DE-44E9291010DB}.Debug|Any CPU.ActiveCfg = Debug|Any CPU
		{0F3857FB-F571-4ADB-83DE-44E9291010DB}.Debug|Any CPU.Build.0 = Debug|Any CPU
		{0F3857FB-F571-4ADB-83DE-44E9291010DB}.Release|Any CPU.ActiveCfg = Release|Any CPU
		{0F3857FB-F571-4ADB-83DE-44E9291010DB}.Release|Any CPU.Build.0 = Release|Any CPU
	EndGlobalSection
	GlobalSection(SolutionProperties) = preSolution
		HideSolutionNode = FALSE
	EndGlobalSection
	GlobalSection(ExtensibilityGlobals) = postSolution
		SolutionGuid = {A51346C4-03BC-453A-8771-055B8C32A7FB}
	EndGlobalSection
EndGlobal
